
Microsoft Visual Studio Solution File, Format Version 12.00
# Visual Studio Version 17
VisualStudioVersion = 17.4.33122.133
MinimumVisualStudioVersion = 10.0.40219.1
Project("{FAE04EC0-301F-11D3-BF4B-00C04F79EFBC}") = "UserRegestrationUsingLambda", "UserRegestrationUsingLambda\UserRegestrationUsingLambda.csproj", "{DDD365BB-36CF-4964-9F1D-9AFCAC57F987}"
EndProject
Global
	GlobalSection(SolutionConfigurationPlatforms) = preSolution
		Debug|Any CPU = Debug|Any CPU
		Release|Any CPU = Release|Any CPU
	EndGlobalSection
	GlobalSection(ProjectConfigurationPlatforms) = postSolution
		{DDD365BB-36CF-4964-9F1D-9AFCAC57F987}.Debug|Any CPU.ActiveCfg = Debug|Any CPU
		{DDD365BB-36CF-4964-9F1D-9AFCAC57F987}.Debug|Any CPU.Build.0 = Debug|Any CPU
		{DDD365BB-36CF-4964-9F1D-9AFCAC57F987}.Release|Any CPU.ActiveCfg = Release|Any CPU
		{DDD365BB-36CF-4964-9F1D-9AFCAC57F987}.Release|Any CPU.Build.0 = Release|Any CPU
	EndGlobalSection
	GlobalSection(SolutionProperties) = preSolution
		HideSolutionNode = FALSE
	EndGlobalSection
	GlobalSection(ExtensibilityGlobals) = postSolution
		SolutionGuid = {DC02EC00-F755-4C6F-9A7C-D9E2C85F0A42}
	EndGlobalSection
EndGlobal
